<?xml version="1.0" encoding="utf-8"?>
<Project ToolsVersion="4.0" xmlns="http://schemas.microsoft.com/developer/msbuild/2003">
  <ItemGroup>
    <Filter Include="Source Files">
      <UniqueIdentifier>{4FC737F1-C7A5-4376-A066-2A32D752A2FF}</UniqueIdentifier>
      <Extensions>cpp;c;cc;cxx;c++;cppm;ixx;def;odl;idl;hpj;bat;asm;asmx</Extensions>
    </Filter>
    <Filter Include="Header Files">
      <UniqueIdentifier>{93995380-89BD-4b04-88EB-625FBE52EBFB}</UniqueIdentifier>
      <Extensions>h;hh;hpp;hxx;h++;hm;inl;inc;ipp;xsd</Extensions>
    </Filter>
    <Filter Include="Resource Files">
      <UniqueIdentifier>{67DA6AB6-F800-4c08-8B7A-83BB121AAD01}</UniqueIdentifier>
      <Extensions>rc;ico;cur;bmp;dlg;rc2;rct;bin;rgs;gif;jpg;jpeg;jpe;resx;tiff;tif;png;wav;mfcribbon-ms</Extensions>
    </Filter>
    <Filter Include="shader">
      <UniqueIdentifier>{192f4127-46c2-47ba-9046-534d148c3381}</UniqueIdentifier>
    </Filter>
    <Filter Include="texture">
      <UniqueIdentifier>{d868a1c8-4ca8-48f8-b458-1014528a7dac}</UniqueIdentifier>
    </Filter>
    <Filter Include="shader\vs">
      <UniqueIdentifier>{63944174-d889-4fe5-ad78-d478519b0c8b}</UniqueIdentifier>
    </Filter>
    <Filter Include="shader\fs">
      <UniqueIdentifier>{d14abb68-779c-43fd-b6d9-ca8f947b78cf}</UniqueIdentifier>
    </Filter>
    <Filter Include="shader\gs">
      <UniqueIdentifier>{bf148609-08a5-409b-bd92-ced44f42f637}</UniqueIdentifier>
    </Filter>
  </ItemGroup>
  <ItemGroup>
    <ClCompile Include="main.cpp">
      <Filter>Source Files</Filter>
    </ClCompile>
    <ClCompile Include="window.cpp">
      <Filter>Source Files</Filter>
    </ClCompile>
    <ClCompile Include="Shader.cpp">
      <Filter>Source Files</Filter>
    </ClCompile>
    <ClCompile Include="glad.c">
      <Filter>Resource Files</Filter>
    </ClCompile>
    <ClCompile Include="camera.cpp">
      <Filter>Source Files</Filter>
    </ClCompile>
    <ClCompile Include="Mesh.cpp">
      <Filter>Source Files</Filter>
    </ClCompile>
    <ClCompile Include="Model.cpp">
      <Filter>Source Files</Filter>
    </ClCompile>
  </ItemGroup>
  <ItemGroup>
    <ClInclude Include="window.h">
      <Filter>Header Files</Filter>
    </ClInclude>
    <ClInclude Include="header_collection.h">
      <Filter>Header Files</Filter>
    </ClInclude>
    <ClInclude Include="Shader.h">
      <Filter>Header Files</Filter>
    </ClInclude>
    <ClInclude Include="stb_image.h">
      <Filter>Resource Files</Filter>
    </ClInclude>
    <ClInclude Include="camera.h">
      <Filter>Header Files</Filter>
    </ClInclude>
    <ClInclude Include="texture.h">
      <Filter>Header Files</Filter>
    </ClInclude>
    <ClInclude Include="Mesh.h">
      <Filter>Header Files</Filter>
    </ClInclude>
    <ClInclude Include="Model.h">
      <Filter>Header Files</Filter>
    </ClInclude>
    <ClInclude Include="light.h">
      <Filter>Header Files</Filter>
    </ClInclude>
    <ClInclude Include="cube.h">
      <Filter>Header Files</Filter>
    </ClInclude>
    <ClInclude Include="plane.h">
      <Filter>Header Files</Filter>
    </ClInclude>
    <ClInclude Include="CubeMap.h">
      <Filter>Header Files</Filter>
    </ClInclude>
    <ClInclude Include="utility.h">
      <Filter>Header Files</Filter>
    </ClInclude>
  </ItemGroup>
  <ItemGroup>
    <None Include="shader\cube.fs">
      <Filter>shader\fs</Filter>
    </None>
    <None Include="shader\frame.fs">
      <Filter>shader\fs</Filter>
    </None>
    <None Include="shader\fragment_shader.glsl">
      <Filter>shader\fs</Filter>
    </None>
    <None Include="shader\model_fs.glsl">
      <Filter>shader\fs</Filter>
    </None>
    <None Include="shader\skybox.fs">
      <Filter>shader\fs</Filter>
    </None>
    <None Include="shader\shader_single_color.fs">
      <Filter>shader\fs</Filter>
    </None>
    <None Include="shader\frame.vs">
      <Filter>shader\vs</Filter>
    </None>
    <None Include="shader\model_vs.glsl">
      <Filter>shader\vs</Filter>
    </None>
    <None Include="shader\skybox.vs">
      <Filter>shader\vs</Filter>
    </None>
    <None Include="shader\main.vs">
      <Filter>shader\vs</Filter>
    </None>
    <None Include="shader\main.fs">
      <Filter>shader\fs</Filter>
    </None>
    <None Include="shader\light.fs">
      <Filter>shader\fs</Filter>
    </None>
    <None Include="shader\light.vs">
      <Filter>shader\vs</Filter>
    </None>
    <None Include="shader\vector.vs">
      <Filter>shader\vs</Filter>
    </None>
    <None Include="shader\vector.gs">
      <Filter>shader\gs</Filter>
    </None>
    <None Include="shader\vector.fs">
      <Filter>shader\fs</Filter>
    </None>
    <None Include="shader\shadow.fs">
      <Filter>shader\fs</Filter>
    </None>
    <None Include="shader\shadow.vs">
      <Filter>shader\vs</Filter>
    </None>
    <None Include="shader\shadow_depth.fs">
      <Filter>shader\fs</Filter>
    </None>
    <None Include="shader\shadow_depth.vs">
      <Filter>shader\vs</Filter>
    </None>
  </ItemGroup>
  <ItemGroup>
    <Image Include="texture\awesomeface.png">
      <Filter>texture</Filter>
    </Image>
    <Image Include="texture\container.jpg">
      <Filter>texture</Filter>
    </Image>
    <Image Include="texture\container2.png">
      <Filter>texture</Filter>
    </Image>
    <Image Include="texture\old.jpg">
      <Filter>texture</Filter>
    </Image>
    <Image Include="texture\stain.png">
      <Filter>texture</Filter>
    </Image>
    <Image Include="texture\matrix.jpg">
      <Filter>texture</Filter>
    </Image>
    <Image Include="texture\container_spec.png">
      <Filter>texture</Filter>
    </Image>
  </ItemGroup>
</Project>